// !$*UTF8*$!
{
	archiveVersion = 1;
	classes = {
	};
	objectVersion = 56;
	objects = {

/* Begin PBXBuildFile section */
		8D383ACB2C67BED600CEEE6F /* BeaverApp.swift in Sources */ = {isa = PBXBuildFile; fileRef = 8D383ACA2C67BED600CEEE6F /* BeaverApp.swift */; };
		8D383ACD2C67BED600CEEE6F /* ContentView.swift in Sources */ = {isa = PBXBuildFile; fileRef = 8D383ACC2C67BED600CEEE6F /* ContentView.swift */; };
		8D383ACF2C67BED800CEEE6F /* Assets.xcassets in Resources */ = {isa = PBXBuildFile; fileRef = 8D383ACE2C67BED800CEEE6F /* Assets.xcassets */; };
		8D383AD22C67BED800CEEE6F /* Preview Assets.xcassets in Resources */ = {isa = PBXBuildFile; fileRef = 8D383AD12C67BED800CEEE6F /* Preview Assets.xcassets */; };
		8D383AE02C67C00900CEEE6F /* View+.swift in Sources */ = {isa = PBXBuildFile; fileRef = 8D383ADF2C67C00900CEEE6F /* View+.swift */; };
		8D383AE22C67C01900CEEE6F /* Date+.swift in Sources */ = {isa = PBXBuildFile; fileRef = 8D383AE12C67C01900CEEE6F /* Date+.swift */; };
		8D383AE42C67C03D00CEEE6F /* BeaverModel.swift in Sources */ = {isa = PBXBuildFile; fileRef = 8D383AE32C67C03D00CEEE6F /* BeaverModel.swift */; };
		8D383AE62C67C05C00CEEE6F /* PotHoleDataModel.swift in Sources */ = {isa = PBXBuildFile; fileRef = 8D383AE52C67C05C00CEEE6F /* PotHoleDataModel.swift */; };
		8D383AEA2C67C7EE00CEEE6F /* MainView.swift in Sources */ = {isa = PBXBuildFile; fileRef = 8D383AE92C67C7EE00CEEE6F /* MainView.swift */; };
		8D383AEC2C67C7F500CEEE6F /* ReportView.swift in Sources */ = {isa = PBXBuildFile; fileRef = 8D383AEB2C67C7F500CEEE6F /* ReportView.swift */; };
/* End PBXBuildFile section */

/* Begin PBXFileReference section */
		8D383AC72C67BED600CEEE6F /* Beaver.app */ = {isa = PBXFileReference; explicitFileType = wrapper.application; includeInIndex = 0; path = Beaver.app; sourceTree = BUILT_PRODUCTS_DIR; };
		8D383ACA2C67BED600CEEE6F /* BeaverApp.swift */ = {isa = PBXFileReference; lastKnownFileType = sourcecode.swift; path = BeaverApp.swift; sourceTree = "<group>"; };
		8D383ACC2C67BED600CEEE6F /* ContentView.swift */ = {isa = PBXFileReference; lastKnownFileType = sourcecode.swift; path = ContentView.swift; sourceTree = "<group>"; };
		8D383ACE2C67BED800CEEE6F /* Assets.xcassets */ = {isa = PBXFileReference; lastKnownFileType = folder.assetcatalog; path = Assets.xcassets; sourceTree = "<group>"; };
		8D383AD12C67BED800CEEE6F /* Preview Assets.xcassets */ = {isa = PBXFileReference; lastKnownFileType = folder.assetcatalog; path = "Preview Assets.xcassets"; sourceTree = "<group>"; };
		8D383AD82C67BF1B00CEEE6F /* Info.plist */ = {isa = PBXFileReference; lastKnownFileType = text.plist; path = Info.plist; sourceTree = "<group>"; };
		8D383ADF2C67C00900CEEE6F /* View+.swift */ = {isa = PBXFileReference; lastKnownFileType = sourcecode.swift; path = "View+.swift"; sourceTree = "<group>"; };
		8D383AE12C67C01900CEEE6F /* Date+.swift */ = {isa = PBXFileReference; lastKnownFileType = sourcecode.swift; path = "Date+.swift"; sourceTree = "<group>"; };
		8D383AE32C67C03D00CEEE6F /* BeaverModel.swift */ = {isa = PBXFileReference; lastKnownFileType = sourcecode.swift; path = BeaverModel.swift; sourceTree = "<group>"; };
		8D383AE52C67C05C00CEEE6F /* PotHoleDataModel.swift */ = {isa = PBXFileReference; lastKnownFileType = sourcecode.swift; path = PotHoleDataModel.swift; sourceTree = "<group>"; };
		8D383AE92C67C7EE00CEEE6F /* MainView.swift */ = {isa = PBXFileReference; lastKnownFileType = sourcecode.swift; path = MainView.swift; sourceTree = "<group>"; };
		8D383AEB2C67C7F500CEEE6F /* ReportView.swift */ = {isa = PBXFileReference; lastKnownFileType = sourcecode.swift; path = ReportView.swift; sourceTree = "<group>"; };
/* End PBXFileReference section */

/* Begin PBXFrameworksBuildPhase section */
		8D383AC42C67BED600CEEE6F /* Frameworks */ = {
			isa = PBXFrameworksBuildPhase;
			buildActionMask = 2147483647;
			files = (
			);
			runOnlyForDeploymentPostprocessing = 0;
		};
/* End PBXFrameworksBuildPhase section */

/* Begin PBXGroup section */
		8D383ABE2C67BED600CEEE6F = {
			isa = PBXGroup;
			children = (
				8D383AC92C67BED600CEEE6F /* Beaver */,
				8D383AC82C67BED600CEEE6F /* Products */,
			);
			sourceTree = "<group>";
		};
		8D383AC82C67BED600CEEE6F /* Products */ = {
			isa = PBXGroup;
			children = (
				8D383AC72C67BED600CEEE6F /* Beaver.app */,
			);
			name = Products;
			sourceTree = "<group>";
		};
		8D383AC92C67BED600CEEE6F /* Beaver */ = {
			isa = PBXGroup;
			children = (
				8D383AD82C67BF1B00CEEE6F /* Info.plist */,
				8D383ACA2C67BED600CEEE6F /* BeaverApp.swift */,
				8D383ACC2C67BED600CEEE6F /* ContentView.swift */,
				8D383AD92C67BFA100CEEE6F /* Resources */,
				8D383ADA2C67BFAA00CEEE6F /* Extensions */,
				8D383ADB2C67BFAF00CEEE6F /* Model */,
				8D383ADC2C67BFB300CEEE6F /* Service */,
				8D383ADE2C67BFBE00CEEE6F /* Scenes */,
				8D383AD02C67BED800CEEE6F /* Preview Content */,
			);
			path = Beaver;
			sourceTree = "<group>";
		};
		8D383AD02C67BED800CEEE6F /* Preview Content */ = {
			isa = PBXGroup;
			children = (
				8D383AD12C67BED800CEEE6F /* Preview Assets.xcassets */,
			);
			path = "Preview Content";
			sourceTree = "<group>";
		};
		8D383AD92C67BFA100CEEE6F /* Resources */ = {
			isa = PBXGroup;
			children = (
				8D383ACE2C67BED800CEEE6F /* Assets.xcassets */,
			);
			path = Resources;
			sourceTree = "<group>";
		};
		8D383ADA2C67BFAA00CEEE6F /* Extensions */ = {
			isa = PBXGroup;
			children = (
				8D383ADF2C67C00900CEEE6F /* View+.swift */,
				8D383AE12C67C01900CEEE6F /* Date+.swift */,
			);
			path = Extensions;
			sourceTree = "<group>";
		};
		8D383ADB2C67BFAF00CEEE6F /* Model */ = {
			isa = PBXGroup;
			children = (
				8D383AE32C67C03D00CEEE6F /* BeaverModel.swift */,
			);
			path = Model;
			sourceTree = "<group>";
		};
		8D383ADC2C67BFB300CEEE6F /* Service */ = {
			isa = PBXGroup;
			children = (
				8D383AE52C67C05C00CEEE6F /* PotHoleDataModel.swift */,
			);
			path = Service;
			sourceTree = "<group>";
		};
		8D383ADE2C67BFBE00CEEE6F /* Scenes */ = {
			isa = PBXGroup;
			children = (
				8D383AE72C67C7B700CEEE6F /* Main */,
				8D383AE82C67C7DA00CEEE6F /* Report */,
			);
			path = Scenes;
			sourceTree = "<group>";
		};
		8D383AE72C67C7B700CEEE6F /* Main */ = {
			isa = PBXGroup;
			children = (
				8D383AE92C67C7EE00CEEE6F /* MainView.swift */,
			);
			path = Main;
			sourceTree = "<group>";
		};
		8D383AE82C67C7DA00CEEE6F /* Report */ = {
			isa = PBXGroup;
			children = (
				8D383AEB2C67C7F500CEEE6F /* ReportView.swift */,
			);
			path = Report;
			sourceTree = "<group>";
		};
/* End PBXGroup section */

/* Begin PBXNativeTarget section */
		8D383AC62C67BED600CEEE6F /* Beaver */ = {
			isa = PBXNativeTarget;
			buildConfigurationList = 8D383AD52C67BED800CEEE6F /* Build configuration list for PBXNativeTarget "Beaver" */;
			buildPhases = (
				8D383AC32C67BED600CEEE6F /* Sources */,
				8D383AC42C67BED600CEEE6F /* Frameworks */,
				8D383AC52C67BED600CEEE6F /* Resources */,
			);
			buildRules = (
			);
			dependencies = (
			);
			name = Beaver;
			productName = Beaver;
			productReference = 8D383AC72C67BED600CEEE6F /* Beaver.app */;
			productType = "com.apple.product-type.application";
		};
/* End PBXNativeTarget section */

/* Begin PBXProject section */
		8D383ABF2C67BED600CEEE6F /* Project object */ = {
			isa = PBXProject;
			attributes = {
				BuildIndependentTargetsInParallel = 1;
				LastSwiftUpdateCheck = 1540;
				LastUpgradeCheck = 1540;
				TargetAttributes = {
					8D383AC62C67BED600CEEE6F = {
						CreatedOnToolsVersion = 15.4;
					};
				};
			};
			buildConfigurationList = 8D383AC22C67BED600CEEE6F /* Build configuration list for PBXProject "Beaver" */;
			compatibilityVersion = "Xcode 14.0";
			developmentRegion = en;
			hasScannedForEncodings = 0;
			knownRegions = (
				en,
				Base,
			);
			mainGroup = 8D383ABE2C67BED600CEEE6F;
			productRefGroup = 8D383AC82C67BED600CEEE6F /* Products */;
			projectDirPath = "";
			projectRoot = "";
			targets = (
				8D383AC62C67BED600CEEE6F /* Beaver */,
			);
		};
/* End PBXProject section */

/* Begin PBXResourcesBuildPhase section */
		8D383AC52C67BED600CEEE6F /* Resources */ = {
			isa = PBXResourcesBuildPhase;
			buildActionMask = 2147483647;
			files = (
				8D383AD22C67BED800CEEE6F /* Preview Assets.xcassets in Resources */,
				8D383ACF2C67BED800CEEE6F /* Assets.xcassets in Resources */,
			);
			runOnlyForDeploymentPostprocessing = 0;
		};
/* End PBXResourcesBuildPhase section */

/* Begin PBXSourcesBuildPhase section */
		8D383AC32C67BED600CEEE6F /* Sources */ = {
			isa = PBXSourcesBuildPhase;
			buildActionMask = 2147483647;
			files = (
				8D383ACD2C67BED600CEEE6F /* ContentView.swift in Sources */,
				8D383AEA2C67C7EE00CEEE6F /* MainView.swift in Sources */,
				8D383AEC2C67C7F500CEEE6F /* ReportView.swift in Sources */,
				8D383AE62C67C05C00CEEE6F /* PotHoleDataModel.swift in Sources */,
				8D383AE02C67C00900CEEE6F /* View+.swift in Sources */,
				8D383ACB2C67BED600CEEE6F /* BeaverApp.swift in Sources */,
				8D383AE42C67C03D00CEEE6F /* BeaverModel.swift in Sources */,
				8D383AE22C67C01900CEEE6F /* Date+.swift in Sources */,
			);
			runOnlyForDeploymentPostprocessing = 0;
		};
/* End PBXSourcesBuildPhase section */

/* Begin XCBuildConfiguration section */
		8D383AD32C67BED800CEEE6F /* Debug */ = {
			isa = XCBuildConfiguration;
			buildSettings = {
				ALWAYS_SEARCH_USER_PATHS = NO;
				ASSETCATALOG_COMPILER_GENERATE_SWIFT_ASSET_SYMBOL_EXTENSIONS = YES;
				CLANG_ANALYZER_NONNULL = YES;
				CLANG_ANALYZER_NUMBER_OBJECT_CONVERSION = YES_AGGRESSIVE;
				CLANG_CXX_LANGUAGE_STANDARD = "gnu++20";
				CLANG_ENABLE_MODULES = YES;
				CLANG_ENABLE_OBJC_ARC = YES;
				CLANG_ENABLE_OBJC_WEAK = YES;
				CLANG_WARN_BLOCK_CAPTURE_AUTORELEASING = YES;
				CLANG_WARN_BOOL_CONVERSION = YES;
				CLANG_WARN_COMMA = YES;
				CLANG_WARN_CONSTANT_CONVERSION = YES;
				CLANG_WARN_DEPRECATED_OBJC_IMPLEMENTATIONS = YES;
				CLANG_WARN_DIRECT_OBJC_ISA_USAGE = YES_ERROR;
				CLANG_WARN_DOCUMENTATION_COMMENTS = YES;
				CLANG_WARN_EMPTY_BODY = YES;
				CLANG_WARN_ENUM_CONVERSION = YES;
				CLANG_WARN_INFINITE_RECURSION = YES;
				CLANG_WARN_INT_CONVERSION = YES;
				CLANG_WARN_NON_LITERAL_NULL_CONVERSION = YES;
				CLANG_WARN_OBJC_IMPLICIT_RETAIN_SELF = YES;
				CLANG_WARN_OBJC_LITERAL_CONVERSION = YES;
				CLANG_WARN_OBJC_ROOT_CLASS = YES_ERROR;
				CLANG_WARN_QUOTED_INCLUDE_IN_FRAMEWORK_HEADER = YES;
				CLANG_WARN_RANGE_LOOP_ANALYSIS = YES;
				CLANG_WARN_STRICT_PROTOTYPES = YES;
				CLANG_WARN_SUSPICIOUS_MOVE = YES;
				CLANG_WARN_UNGUARDED_AVAILABILITY = YES_AGGRESSIVE;
				CLANG_WARN_UNREACHABLE_CODE = YES;
				CLANG_WARN__DUPLICATE_METHOD_MATCH = YES;
				COPY_PHASE_STRIP = NO;
				DEBUG_INFORMATION_FORMAT = dwarf;
				ENABLE_STRICT_OBJC_MSGSEND = YES;
				ENABLE_TESTABILITY = YES;
				ENABLE_USER_SCRIPT_SANDBOXING = YES;
				GCC_C_LANGUAGE_STANDARD = gnu17;
				GCC_DYNAMIC_NO_PIC = NO;
				GCC_NO_COMMON_BLOCKS = YES;
				GCC_OPTIMIZATION_LEVEL = 0;
				GCC_PREPROCESSOR_DEFINITIONS = (
					"DEBUG=1",
					"$(inherited)",
				);
				GCC_WARN_64_TO_32_BIT_CONVERSION = YES;
				GCC_WARN_ABOUT_RETURN_TYPE = YES_ERROR;
				GCC_WARN_UNDECLARED_SELECTOR = YES;
				GCC_WARN_UNINITIALIZED_AUTOS = YES_AGGRESSIVE;
				GCC_WARN_UNUSED_FUNCTION = YES;
				GCC_WARN_UNUSED_VARIABLE = YES;
				IPHONEOS_DEPLOYMENT_TARGET = 17.5;
				LOCALIZATION_PREFERS_STRING_CATALOGS = YES;
				MTL_ENABLE_DEBUG_INFO = INCLUDE_SOURCE;
				MTL_FAST_MATH = YES;
				ONLY_ACTIVE_ARCH = YES;
				SDKROOT = iphoneos;
				SWIFT_ACTIVE_COMPILATION_CONDITIONS = "DEBUG $(inherited)";
				SWIFT_OPTIMIZATION_LEVEL = "-Onone";
			};
			name = Debug;
		};
		8D383AD42C67BED800CEEE6F /* Release */ = {
			isa = XCBuildConfiguration;
			buildSettings = {
				ALWAYS_SEARCH_USER_PATHS = NO;
				ASSETCATALOG_COMPILER_GENERATE_SWIFT_ASSET_SYMBOL_EXTENSIONS = YES;
				CLANG_ANALYZER_NONNULL = YES;
				CLANG_ANALYZER_NUMBER_OBJECT_CONVERSION = YES_AGGRESSIVE;
				CLANG_CXX_LANGUAGE_STANDARD = "gnu++20";
				CLANG_ENABLE_MODULES = YES;
				CLANG_ENABLE_OBJC_ARC = YES;
				CLANG_ENABLE_OBJC_WEAK = YES;
				CLANG_WARN_BLOCK_CAPTURE_AUTORELEASING = YES;
				CLANG_WARN_BOOL_CONVERSION = YES;
				CLANG_WARN_COMMA = YES;
				CLANG_WARN_CONSTANT_CONVERSION = YES;
				CLANG_WARN_DEPRECATED_OBJC_IMPLEMENTATIONS = YES;
				CLANG_WARN_DIRECT_OBJC_ISA_USAGE = YES_ERROR;
				CLANG_WARN_DOCUMENTATION_COMMENTS = YES;
				CLANG_WARN_EMPTY_BODY = YES;
				CLANG_WARN_ENUM_CONVERSION = YES;
				CLANG_WARN_INFINITE_RECURSION = YES;
				CLANG_WARN_INT_CONVERSION = YES;
				CLANG_WARN_NON_LITERAL_NULL_CONVERSION = YES;
				CLANG_WARN_OBJC_IMPLICIT_RETAIN_SELF = YES;
				CLANG_WARN_OBJC_LITERAL_CONVERSION = YES;
				CLANG_WARN_OBJC_ROOT_CLASS = YES_ERROR;
				CLANG_WARN_QUOTED_INCLUDE_IN_FRAMEWORK_HEADER = YES;
				CLANG_WARN_RANGE_LOOP_ANALYSIS = YES;
				CLANG_WARN_STRICT_PROTOTYPES = YES;
				CLANG_WARN_SUSPICIOUS_MOVE = YES;
				CLANG_WARN_UNGUARDED_AVAILABILITY = YES_AGGRESSIVE;
				CLANG_WARN_UNREACHABLE_CODE = YES;
				CLANG_WARN__DUPLICATE_METHOD_MATCH = YES;
				COPY_PHASE_STRIP = NO;
				DEBUG_INFORMATION_FORMAT = "dwarf-with-dsym";
				ENABLE_NS_ASSERTIONS = NO;
				ENABLE_STRICT_OBJC_MSGSEND = YES;
				ENABLE_USER_SCRIPT_SANDBOXING = YES;
				GCC_C_LANGUAGE_STANDARD = gnu17;
				GCC_NO_COMMON_BLOCKS = YES;
				GCC_WARN_64_TO_32_BIT_CONVERSION = YES;
				GCC_WARN_ABOUT_RETURN_TYPE = YES_ERROR;
				GCC_WARN_UNDECLARED_SELECTOR = YES;
				GCC_WARN_UNINITIALIZED_AUTOS = YES_AGGRESSIVE;
				GCC_WARN_UNUSED_FUNCTION = YES;
				GCC_WARN_UNUSED_VARIABLE = YES;
				IPHONEOS_DEPLOYMENT_TARGET = 17.5;
				LOCALIZATION_PREFERS_STRING_CATALOGS = YES;
				MTL_ENABLE_DEBUG_INFO = NO;
				MTL_FAST_MATH = YES;
				SDKROOT = iphoneos;
				SWIFT_COMPILATION_MODE = wholemodule;
				VALIDATE_PRODUCT = YES;
			};
			name = Release;
		};
		8D383AD62C67BED800CEEE6F /* Debug */ = {
			isa = XCBuildConfiguration;
			buildSettings = {
				ASSETCATALOG_COMPILER_APPICON_NAME = AppIcon;
				ASSETCATALOG_COMPILER_GLOBAL_ACCENT_COLOR_NAME = AccentColor;
				CODE_SIGN_STYLE = Automatic;
				CURRENT_PROJECT_VERSION = 1;
				DEVELOPMENT_ASSET_PATHS = "\"Beaver/Preview Content\"";
				DEVELOPMENT_TEAM = 888VRTGCXU;
				ENABLE_PREVIEWS = YES;
				GENERATE_INFOPLIST_FILE = YES;
				INFOPLIST_FILE = Beaver/Info.plist;
				INFOPLIST_KEY_NSLocationAlwaysAndWhenInUseUsageDescription = "";
				INFOPLIST_KEY_NSLocationAlwaysUsageDescription = "";
				INFOPLIST_KEY_NSLocationWhenInUseUsageDescription = "";
				INFOPLIST_KEY_UIApplicationSceneManifest_Generation = YES;
				INFOPLIST_KEY_UIApplicationSupportsIndirectInputEvents = YES;
				INFOPLIST_KEY_UILaunchScreen_Generation = YES;
				INFOPLIST_KEY_UISupportedInterfaceOrientations_iPad = "UIInterfaceOrientationPortrait UIInterfaceOrientationPortraitUpsideDown UIInterfaceOrientationLandscapeLeft UIInterfaceOrientationLandscapeRight";
				INFOPLIST_KEY_UISupportedInterfaceOrientations_iPhone = "UIInterfaceOrientationPortrait UIInterfaceOrientationLandscapeLeft UIInterfaceOrientationLandscapeRight";
				LD_RUNPATH_SEARCH_PATHS = (
					"$(inherited)",
					"@executable_path/Frameworks",
				);
				MARKETING_VERSION = 1.0;
				PRODUCT_BUNDLE_IDENTIFIER = com.jia.Beaver;
				PRODUCT_NAME = "$(TARGET_NAME)";
				SWIFT_EMIT_LOC_STRINGS = YES;
				SWIFT_VERSION = 5.0;
				TARGETED_DEVICE_FAMILY = "1,2";
			};
			name = Debug;
		};
		8D383AD72C67BED800CEEE6F /* Release */ = {
			isa = XCBuildConfiguration;
			buildSettings = {
				ASSETCATALOG_COMPILER_APPICON_NAME = AppIcon;
				ASSETCATALOG_COMPILER_GLOBAL_ACCENT_COLOR_NAME = AccentColor;
				CODE_SIGN_STYLE = Automatic;
				CURRENT_PROJECT_VERSION = 1;
				DEVELOPMENT_ASSET_PATHS = "\"Beaver/Preview Content\"";
				DEVELOPMENT_TEAM = 888VRTGCXU;
				ENABLE_PREVIEWS = YES;
				GENERATE_INFOPLIST_FILE = YES;
				INFOPLIST_FILE = Beaver/Info.plist;
				INFOPLIST_KEY_NSLocationAlwaysAndWhenInUseUsageDescription = "";
				INFOPLIST_KEY_NSLocationAlwaysUsageDescription = "";
				INFOPLIST_KEY_NSLocationWhenInUseUsageDescription = "";
				INFOPLIST_KEY_UIApplicationSceneManifest_Generation = YES;
				INFOPLIST_KEY_UIApplicationSupportsIndirectInputEvents = YES;
				INFOPLIST_KEY_UILaunchScreen_Generation = YES;
				INFOPLIST_KEY_UISupportedInterfaceOrientations_iPad = "UIInterfaceOrientationPortrait UIInterfaceOrientationPortraitUpsideDown UIInterfaceOrientationLandscapeLeft UIInterfaceOrientationLandscapeRight";
				INFOPLIST_KEY_UISupportedInterfaceOrientations_iPhone = "UIInterfaceOrientationPortrait UIInterfaceOrientationLandscapeLeft UIInterfaceOrientationLandscapeRight";
				LD_RUNPATH_SEARCH_PATHS = (
					"$(inherited)",
					"@executable_path/Frameworks",
				);
				MARKETING_VERSION = 1.0;
				PRODUCT_BUNDLE_IDENTIFIER = com.jia.Beaver;
				PRODUCT_NAME = "$(TARGET_NAME)";
				SWIFT_EMIT_LOC_STRINGS = YES;
				SWIFT_VERSION = 5.0;
				TARGETED_DEVICE_FAMILY = "1,2";
			};
			name = Release;
		};
/* End XCBuildConfiguration section */

/* Begin XCConfigurationList section */
		8D383AC22C67BED600CEEE6F /* Build configuration list for PBXProject "Beaver" */ = {
			isa = XCConfigurationList;
			buildConfigurations = (
				8D383AD32C67BED800CEEE6F /* Debug */,
				8D383AD42C67BED800CEEE6F /* Release */,
			);
			defaultConfigurationIsVisible = 0;
			defaultConfigurationName = Release;
		};
		8D383AD52C67BED800CEEE6F /* Build configuration list for PBXNativeTarget "Beaver" */ = {
			isa = XCConfigurationList;
			buildConfigurations = (
				8D383AD62C67BED800CEEE6F /* Debug */,
				8D383AD72C67BED800CEEE6F /* Release */,
			);
			defaultConfigurationIsVisible = 0;
			defaultConfigurationName = Release;
		};
/* End XCConfigurationList section */
	};
	rootObject = 8D383ABF2C67BED600CEEE6F /* Project object */;
}
